
Microsoft Visual Studio Solution File, Format Version 12.00
# Visual Studio Version 17
VisualStudioVersion = 17.0.31903.59
MinimumVisualStudioVersion = 10.0.40219.1
Project("{FAE04EC0-301F-11D3-BF4B-00C04F79EFBC}") = "hello-world", "hello-world\hello-world.csproj", "{1B352426-7C42-4F67-97D6-DFECC513534F}"
EndProject
Project("{FAE04EC0-301F-11D3-BF4B-00C04F79EFBC}") = "logic-exercise", "logic-exercise\logic-exercise.csproj", "{B840E157-A46E-48C9-916D-B2E762255132}"
EndProject
Project("{FAE04EC0-301F-11D3-BF4B-00C04F79EFBC}") = "learn-csharp", "learn-csharp\learn-csharp.csproj", "{417D86A9-F852-4281-9626-718623E343CB}"
EndProject
Global
	GlobalSection(SolutionConfigurationPlatforms) = preSolution
		Debug|Any CPU = Debug|Any CPU
		Release|Any CPU = Release|Any CPU
	EndGlobalSection
	GlobalSection(SolutionProperties) = preSolution
		HideSolutionNode = FALSE
	EndGlobalSection
	GlobalSection(ProjectConfigurationPlatforms) = postSolution
		{1B352426-7C42-4F67-97D6-DFECC513534F}.Debug|Any CPU.ActiveCfg = Debug|Any CPU
		{1B352426-7C42-4F67-97D6-DFECC513534F}.Debug|Any CPU.Build.0 = Debug|Any CPU
		{1B352426-7C42-4F67-97D6-DFECC513534F}.Release|Any CPU.ActiveCfg = Release|Any CPU
		{1B352426-7C42-4F67-97D6-DFECC513534F}.Release|Any CPU.Build.0 = Release|Any CPU
		{B840E157-A46E-48C9-916D-B2E762255132}.Debug|Any CPU.ActiveCfg = Debug|Any CPU
		{B840E157-A46E-48C9-916D-B2E762255132}.Debug|Any CPU.Build.0 = Debug|Any CPU
		{B840E157-A46E-48C9-916D-B2E762255132}.Release|Any CPU.ActiveCfg = Release|Any CPU
		{B840E157-A46E-48C9-916D-B2E762255132}.Release|Any CPU.Build.0 = Release|Any CPU
		{417D86A9-F852-4281-9626-718623E343CB}.Debug|Any CPU.ActiveCfg = Debug|Any CPU
		{417D86A9-F852-4281-9626-718623E343CB}.Debug|Any CPU.Build.0 = Debug|Any CPU
		{417D86A9-F852-4281-9626-718623E343CB}.Release|Any CPU.ActiveCfg = Release|Any CPU
		{417D86A9-F852-4281-9626-718623E343CB}.Release|Any CPU.Build.0 = Release|Any CPU
	EndGlobalSection
EndGlobal
